
Microsoft Visual Studio Solution File, Format Version 12.00
# Visual Studio 14
VisualStudioVersion = 14.0.25420.1
MinimumVisualStudioVersion = 10.0.40219.1
Project("{FAE04EC0-301F-11D3-BF4B-00C04F79EFBC}") = "UserRegistry.WebApi", "UserRegistry.WebApi\UserRegistry.WebApi.csproj", "{B4B4BFE6-CDA8-4F60-9C70-02ABD6F97B6A}"
EndProject
Project("{FAE04EC0-301F-11D3-BF4B-00C04F79EFBC}") = "UserRegistry.Core", "UserRegistry.Core\UserRegistry.Core.csproj", "{71D8182E-D031-4BF7-A38C-58405334469A}"
EndProject
Project("{FAE04EC0-301F-11D3-BF4B-00C04F79EFBC}") = "UserRegistry.SelfHostService", "UserRegistry.SelfHostService\UserRegistry.SelfHostService.csproj", "{63BD52A1-633E-4514-B2A7-22A6F57C8584}"
EndProject
Project("{FAE04EC0-301F-11D3-BF4B-00C04F79EFBC}") = "UserRegistry.CoreTests", "UserRegistry.CoreTests\UserRegistry.CoreTests.csproj", "{7A51F03D-BDB8-4348-B58D-22800C30EA6B}"
EndProject
Global
	GlobalSection(SolutionConfigurationPlatforms) = preSolution
		Debug|Any CPU = Debug|Any CPU
		Release|Any CPU = Release|Any CPU
	EndGlobalSection
	GlobalSection(ProjectConfigurationPlatforms) = postSolution
		{B4B4BFE6-CDA8-4F60-9C70-02ABD6F97B6A}.Debug|Any CPU.ActiveCfg = Debug|Any CPU
		{B4B4BFE6-CDA8-4F60-9C70-02ABD6F97B6A}.Debug|Any CPU.Build.0 = Debug|Any CPU
		{B4B4BFE6-CDA8-4F60-9C70-02ABD6F97B6A}.Release|Any CPU.ActiveCfg = Release|Any CPU
		{B4B4BFE6-CDA8-4F60-9C70-02ABD6F97B6A}.Release|Any CPU.Build.0 = Release|Any CPU
		{71D8182E-D031-4BF7-A38C-58405334469A}.Debug|Any CPU.ActiveCfg = Debug|Any CPU
		{71D8182E-D031-4BF7-A38C-58405334469A}.Debug|Any CPU.Build.0 = Debug|Any CPU
		{71D8182E-D031-4BF7-A38C-58405334469A}.Release|Any CPU.ActiveCfg = Release|Any CPU
		{71D8182E-D031-4BF7-A38C-58405334469A}.Release|Any CPU.Build.0 = Release|Any CPU
		{63BD52A1-633E-4514-B2A7-22A6F57C8584}.Debug|Any CPU.ActiveCfg = Debug|Any CPU
		{63BD52A1-633E-4514-B2A7-22A6F57C8584}.Debug|Any CPU.Build.0 = Debug|Any CPU
		{63BD52A1-633E-4514-B2A7-22A6F57C8584}.Release|Any CPU.ActiveCfg = Release|Any CPU
		{63BD52A1-633E-4514-B2A7-22A6F57C8584}.Release|Any CPU.Build.0 = Release|Any CPU
		{7A51F03D-BDB8-4348-B58D-22800C30EA6B}.Debug|Any CPU.ActiveCfg = Debug|Any CPU
		{7A51F03D-BDB8-4348-B58D-22800C30EA6B}.Debug|Any CPU.Build.0 = Debug|Any CPU
		{7A51F03D-BDB8-4348-B58D-22800C30EA6B}.Release|Any CPU.ActiveCfg = Release|Any CPU
		{7A51F03D-BDB8-4348-B58D-22800C30EA6B}.Release|Any CPU.Build.0 = Release|Any CPU
	EndGlobalSection
	GlobalSection(SolutionProperties) = preSolution
		HideSolutionNode = FALSE
	EndGlobalSection
	GlobalSection(ExtensibilityGlobals) = postSolution
		EnterpriseLibraryConfigurationToolBinariesPath = packages\Unity.2.1.505.0\lib\NET35
	EndGlobalSection
EndGlobal
